// !$*UTF8*$!
{
	archiveVersion = 1;
	classes = {
	};
	objectVersion = 56;
	objects = {

/* Begin PBXBuildFile section */
		ACA99A512A35D7460005C74D /* MRVPlayer.docc in Sources */ = {isa = PBXBuildFile; fileRef = ACA99A502A35D7460005C74D /* MRVPlayer.docc */; };
		ACA99A572A35D7460005C74D /* MRVPlayer.framework in Frameworks */ = {isa = PBXBuildFile; fileRef = ACA99A4C2A35D7460005C74D /* MRVPlayer.framework */; };
		ACA99A5C2A35D7460005C74D /* MRVPlayerTests.swift in Sources */ = {isa = PBXBuildFile; fileRef = ACA99A5B2A35D7460005C74D /* MRVPlayerTests.swift */; };
		ACA99A5D2A35D7460005C74D /* MRVPlayer.h in Headers */ = {isa = PBXBuildFile; fileRef = ACA99A4F2A35D7460005C74D /* MRVPlayer.h */; settings = {ATTRIBUTES = (Public, ); }; };
/* End PBXBuildFile section */

/* Begin PBXContainerItemProxy section */
		ACA99A582A35D7460005C74D /* PBXContainerItemProxy */ = {
			isa = PBXContainerItemProxy;
			containerPortal = ACA99A432A35D7460005C74D /* Project object */;
			proxyType = 1;
			remoteGlobalIDString = ACA99A4B2A35D7460005C74D;
			remoteInfo = MRVPlayer;
		};
/* End PBXContainerItemProxy section */

/* Begin PBXFileReference section */
		ACA99A4C2A35D7460005C74D /* MRVPlayer.framework */ = {isa = PBXFileReference; explicitFileType = wrapper.framework; includeInIndex = 0; path = MRVPlayer.framework; sourceTree = BUILT_PRODUCTS_DIR; };
		ACA99A4F2A35D7460005C74D /* MRVPlayer.h */ = {isa = PBXFileReference; lastKnownFileType = sourcecode.c.h; path = MRVPlayer.h; sourceTree = "<group>"; };
		ACA99A502A35D7460005C74D /* MRVPlayer.docc */ = {isa = PBXFileReference; lastKnownFileType = folder.documentationcatalog; path = MRVPlayer.docc; sourceTree = "<group>"; };
		ACA99A562A35D7460005C74D /* MRVPlayerTests.xctest */ = {isa = PBXFileReference; explicitFileType = wrapper.cfbundle; includeInIndex = 0; path = MRVPlayerTests.xctest; sourceTree = BUILT_PRODUCTS_DIR; };
		ACA99A5B2A35D7460005C74D /* MRVPlayerTests.swift */ = {isa = PBXFileReference; lastKnownFileType = sourcecode.swift; path = MRVPlayerTests.swift; sourceTree = "<group>"; };
/* End PBXFileReference section */

/* Begin PBXFrameworksBuildPhase section */
		ACA99A492A35D7460005C74D /* Frameworks */ = {
			isa = PBXFrameworksBuildPhase;
			buildActionMask = 2147483647;
			files = (
			);
			runOnlyForDeploymentPostprocessing = 0;
		};
		ACA99A532A35D7460005C74D /* Frameworks */ = {
			isa = PBXFrameworksBuildPhase;
			buildActionMask = 2147483647;
			files = (
				ACA99A572A35D7460005C74D /* MRVPlayer.framework in Frameworks */,
			);
			runOnlyForDeploymentPostprocessing = 0;
		};
/* End PBXFrameworksBuildPhase section */

/* Begin PBXGroup section */
		ACA99A422A35D7460005C74D = {
			isa = PBXGroup;
			children = (
				ACA99A4E2A35D7460005C74D /* MRVPlayer */,
				ACA99A5A2A35D7460005C74D /* MRVPlayerTests */,
				ACA99A4D2A35D7460005C74D /* Products */,
			);
			sourceTree = "<group>";
		};
		ACA99A4D2A35D7460005C74D /* Products */ = {
			isa = PBXGroup;
			children = (
				ACA99A4C2A35D7460005C74D /* MRVPlayer.framework */,
				ACA99A562A35D7460005C74D /* MRVPlayerTests.xctest */,
			);
			name = Products;
			sourceTree = "<group>";
		};
		ACA99A4E2A35D7460005C74D /* MRVPlayer */ = {
			isa = PBXGroup;
			children = (
				ACA99A4F2A35D7460005C74D /* MRVPlayer.h */,
				ACA99A502A35D7460005C74D /* MRVPlayer.docc */,
			);
			path = MRVPlayer;
			sourceTree = "<group>";
		};
		ACA99A5A2A35D7460005C74D /* MRVPlayerTests */ = {
			isa = PBXGroup;
			children = (
				ACA99A5B2A35D7460005C74D /* MRVPlayerTests.swift */,
			);
			path = MRVPlayerTests;
			sourceTree = "<group>";
		};
/* End PBXGroup section */

/* Begin PBXHeadersBuildPhase section */
		ACA99A472A35D7460005C74D /* Headers */ = {
			isa = PBXHeadersBuildPhase;
			buildActionMask = 2147483647;
			files = (
				ACA99A5D2A35D7460005C74D /* MRVPlayer.h in Headers */,
			);
			runOnlyForDeploymentPostprocessing = 0;
		};
/* End PBXHeadersBuildPhase section */

/* Begin PBXNativeTarget section */
		ACA99A4B2A35D7460005C74D /* MRVPlayer */ = {
			isa = PBXNativeTarget;
			buildConfigurationList = ACA99A602A35D7460005C74D /* Build configuration list for PBXNativeTarget "MRVPlayer" */;
			buildPhases = (
				ACA99A472A35D7460005C74D /* Headers */,
				ACA99A482A35D7460005C74D /* Sources */,
				ACA99A492A35D7460005C74D /* Frameworks */,
				ACA99A4A2A35D7460005C74D /* Resources */,
			);
			buildRules = (
			);
			dependencies = (
			);
			name = MRVPlayer;
			productName = MRVPlayer;
			productReference = ACA99A4C2A35D7460005C74D /* MRVPlayer.framework */;
			productType = "com.apple.product-type.framework";
		};
		ACA99A552A35D7460005C74D /* MRVPlayerTests */ = {
			isa = PBXNativeTarget;
			buildConfigurationList = ACA99A632A35D7460005C74D /* Build configuration list for PBXNativeTarget "MRVPlayerTests" */;
			buildPhases = (
				ACA99A522A35D7460005C74D /* Sources */,
				ACA99A532A35D7460005C74D /* Frameworks */,
				ACA99A542A35D7460005C74D /* Resources */,
			);
			buildRules = (
			);
			dependencies = (
				ACA99A592A35D7460005C74D /* PBXTargetDependency */,
			);
			name = MRVPlayerTests;
			productName = MRVPlayerTests;
			productReference = ACA99A562A35D7460005C74D /* MRVPlayerTests.xctest */;
			productType = "com.apple.product-type.bundle.unit-test";
		};
/* End PBXNativeTarget section */

/* Begin PBXProject section */
		ACA99A432A35D7460005C74D /* Project object */ = {
			isa = PBXProject;
			attributes = {
				BuildIndependentTargetsInParallel = 1;
				LastSwiftUpdateCheck = 1430;
				LastUpgradeCheck = 1430;
				TargetAttributes = {
					ACA99A4B2A35D7460005C74D = {
						CreatedOnToolsVersion = 14.3;
					};
					ACA99A552A35D7460005C74D = {
						CreatedOnToolsVersion = 14.3;
					};
				};
			};
			buildConfigurationList = ACA99A462A35D7460005C74D /* Build configuration list for PBXProject "MRVPlayer" */;
			compatibilityVersion = "Xcode 14.0";
			developmentRegion = en;
			hasScannedForEncodings = 0;
			knownRegions = (
				en,
				Base,
			);
			mainGroup = ACA99A422A35D7460005C74D;
			productRefGroup = ACA99A4D2A35D7460005C74D /* Products */;
			projectDirPath = "";
			projectRoot = "";
			targets = (
				ACA99A4B2A35D7460005C74D /* MRVPlayer */,
				ACA99A552A35D7460005C74D /* MRVPlayerTests */,
			);
		};
/* End PBXProject section */

/* Begin PBXResourcesBuildPhase section */
		ACA99A4A2A35D7460005C74D /* Resources */ = {
			isa = PBXResourcesBuildPhase;
			buildActionMask = 2147483647;
			files = (
			);
			runOnlyForDeploymentPostprocessing = 0;
		};
		ACA99A542A35D7460005C74D /* Resources */ = {
			isa = PBXResourcesBuildPhase;
			buildActionMask = 2147483647;
			files = (
			);
			runOnlyForDeploymentPostprocessing = 0;
		};
/* End PBXResourcesBuildPhase section */

/* Begin PBXSourcesBuildPhase section */
		ACA99A482A35D7460005C74D /* Sources */ = {
			isa = PBXSourcesBuildPhase;
			buildActionMask = 2147483647;
			files = (
				ACA99A512A35D7460005C74D /* MRVPlayer.docc in Sources */,
			);
			runOnlyForDeploymentPostprocessing = 0;
		};
		ACA99A522A35D7460005C74D /* Sources */ = {
			isa = PBXSourcesBuildPhase;
			buildActionMask = 2147483647;
			files = (
				ACA99A5C2A35D7460005C74D /* MRVPlayerTests.swift in Sources */,
			);
			runOnlyForDeploymentPostprocessing = 0;
		};
/* End PBXSourcesBuildPhase section */

/* Begin PBXTargetDependency section */
		ACA99A592A35D7460005C74D /* PBXTargetDependency */ = {
			isa = PBXTargetDependency;
			target = ACA99A4B2A35D7460005C74D /* MRVPlayer */;
			targetProxy = ACA99A582A35D7460005C74D /* PBXContainerItemProxy */;
		};
/* End PBXTargetDependency section */

/* Begin XCBuildConfiguration section */
		ACA99A5E2A35D7460005C74D /* Debug */ = {
			isa = XCBuildConfiguration;
			buildSettings = {
				ALWAYS_SEARCH_USER_PATHS = NO;
				CLANG_ANALYZER_NONNULL = YES;
				CLANG_ANALYZER_NUMBER_OBJECT_CONVERSION = YES_AGGRESSIVE;
				CLANG_CXX_LANGUAGE_STANDARD = "gnu++20";
				CLANG_ENABLE_MODULES = YES;
				CLANG_ENABLE_OBJC_ARC = YES;
				CLANG_ENABLE_OBJC_WEAK = YES;
				CLANG_WARN_BLOCK_CAPTURE_AUTORELEASING = YES;
				CLANG_WARN_BOOL_CONVERSION = YES;
				CLANG_WARN_COMMA = YES;
				CLANG_WARN_CONSTANT_CONVERSION = YES;
				CLANG_WARN_DEPRECATED_OBJC_IMPLEMENTATIONS = YES;
				CLANG_WARN_DIRECT_OBJC_ISA_USAGE = YES_ERROR;
				CLANG_WARN_DOCUMENTATION_COMMENTS = YES;
				CLANG_WARN_EMPTY_BODY = YES;
				CLANG_WARN_ENUM_CONVERSION = YES;
				CLANG_WARN_INFINITE_RECURSION = YES;
				CLANG_WARN_INT_CONVERSION = YES;
				CLANG_WARN_NON_LITERAL_NULL_CONVERSION = YES;
				CLANG_WARN_OBJC_IMPLICIT_RETAIN_SELF = YES;
				CLANG_WARN_OBJC_LITERAL_CONVERSION = YES;
				CLANG_WARN_OBJC_ROOT_CLASS = YES_ERROR;
				CLANG_WARN_QUOTED_INCLUDE_IN_FRAMEWORK_HEADER = YES;
				CLANG_WARN_RANGE_LOOP_ANALYSIS = YES;
				CLANG_WARN_STRICT_PROTOTYPES = YES;
				CLANG_WARN_SUSPICIOUS_MOVE = YES;
				CLANG_WARN_UNGUARDED_AVAILABILITY = YES_AGGRESSIVE;
				CLANG_WARN_UNREACHABLE_CODE = YES;
				CLANG_WARN__DUPLICATE_METHOD_MATCH = YES;
				COPY_PHASE_STRIP = NO;
				CURRENT_PROJECT_VERSION = 1;
				DEBUG_INFORMATION_FORMAT = dwarf;
				ENABLE_STRICT_OBJC_MSGSEND = YES;
				ENABLE_TESTABILITY = YES;
				GCC_C_LANGUAGE_STANDARD = gnu11;
				GCC_DYNAMIC_NO_PIC = NO;
				GCC_NO_COMMON_BLOCKS = YES;
				GCC_OPTIMIZATION_LEVEL = 0;
				GCC_PREPROCESSOR_DEFINITIONS = (
					"DEBUG=1",
					"$(inherited)",
				);
				GCC_WARN_64_TO_32_BIT_CONVERSION = YES;
				GCC_WARN_ABOUT_RETURN_TYPE = YES_ERROR;
				GCC_WARN_UNDECLARED_SELECTOR = YES;
				GCC_WARN_UNINITIALIZED_AUTOS = YES_AGGRESSIVE;
				GCC_WARN_UNUSED_FUNCTION = YES;
				GCC_WARN_UNUSED_VARIABLE = YES;
				IPHONEOS_DEPLOYMENT_TARGET = 16.4;
				MTL_ENABLE_DEBUG_INFO = INCLUDE_SOURCE;
				MTL_FAST_MATH = YES;
				ONLY_ACTIVE_ARCH = YES;
				SDKROOT = iphoneos;
				SWIFT_ACTIVE_COMPILATION_CONDITIONS = DEBUG;
				SWIFT_OPTIMIZATION_LEVEL = "-Onone";
				VERSIONING_SYSTEM = "apple-generic";
				VERSION_INFO_PREFIX = "";
			};
			name = Debug;
		};
		ACA99A5F2A35D7460005C74D /* Release */ = {
			isa = XCBuildConfiguration;
			buildSettings = {
				ALWAYS_SEARCH_USER_PATHS = NO;
				CLANG_ANALYZER_NONNULL = YES;
				CLANG_ANALYZER_NUMBER_OBJECT_CONVERSION = YES_AGGRESSIVE;
				CLANG_CXX_LANGUAGE_STANDARD = "gnu++20";
				CLANG_ENABLE_MODULES = YES;
				CLANG_ENABLE_OBJC_ARC = YES;
				CLANG_ENABLE_OBJC_WEAK = YES;
				CLANG_WARN_BLOCK_CAPTURE_AUTORELEASING = YES;
				CLANG_WARN_BOOL_CONVERSION = YES;
				CLANG_WARN_COMMA = YES;
				CLANG_WARN_CONSTANT_CONVERSION = YES;
				CLANG_WARN_DEPRECATED_OBJC_IMPLEMENTATIONS = YES;
				CLANG_WARN_DIRECT_OBJC_ISA_USAGE = YES_ERROR;
				CLANG_WARN_DOCUMENTATION_COMMENTS = YES;
				CLANG_WARN_EMPTY_BODY = YES;
				CLANG_WARN_ENUM_CONVERSION = YES;
				CLANG_WARN_INFINITE_RECURSION = YES;
				CLANG_WARN_INT_CONVERSION = YES;
				CLANG_WARN_NON_LITERAL_NULL_CONVERSION = YES;
				CLANG_WARN_OBJC_IMPLICIT_RETAIN_SELF = YES;
				CLANG_WARN_OBJC_LITERAL_CONVERSION = YES;
				CLANG_WARN_OBJC_ROOT_CLASS = YES_ERROR;
				CLANG_WARN_QUOTED_INCLUDE_IN_FRAMEWORK_HEADER = YES;
				CLANG_WARN_RANGE_LOOP_ANALYSIS = YES;
				CLANG_WARN_STRICT_PROTOTYPES = YES;
				CLANG_WARN_SUSPICIOUS_MOVE = YES;
				CLANG_WARN_UNGUARDED_AVAILABILITY = YES_AGGRESSIVE;
				CLANG_WARN_UNREACHABLE_CODE = YES;
				CLANG_WARN__DUPLICATE_METHOD_MATCH = YES;
				COPY_PHASE_STRIP = NO;
				CURRENT_PROJECT_VERSION = 1;
				DEBUG_INFORMATION_FORMAT = "dwarf-with-dsym";
				ENABLE_NS_ASSERTIONS = NO;
				ENABLE_STRICT_OBJC_MSGSEND = YES;
				GCC_C_LANGUAGE_STANDARD = gnu11;
				GCC_NO_COMMON_BLOCKS = YES;
				GCC_WARN_64_TO_32_BIT_CONVERSION = YES;
				GCC_WARN_ABOUT_RETURN_TYPE = YES_ERROR;
				GCC_WARN_UNDECLARED_SELECTOR = YES;
				GCC_WARN_UNINITIALIZED_AUTOS = YES_AGGRESSIVE;
				GCC_WARN_UNUSED_FUNCTION = YES;
				GCC_WARN_UNUSED_VARIABLE = YES;
				IPHONEOS_DEPLOYMENT_TARGET = 16.4;
				MTL_ENABLE_DEBUG_INFO = NO;
				MTL_FAST_MATH = YES;
				SDKROOT = iphoneos;
				SWIFT_COMPILATION_MODE = wholemodule;
				SWIFT_OPTIMIZATION_LEVEL = "-O";
				VALIDATE_PRODUCT = YES;
				VERSIONING_SYSTEM = "apple-generic";
				VERSION_INFO_PREFIX = "";
			};
			name = Release;
		};
		ACA99A612A35D7460005C74D /* Debug */ = {
			isa = XCBuildConfiguration;
			buildSettings = {
				CODE_SIGN_STYLE = Automatic;
				CURRENT_PROJECT_VERSION = 1;
				DEFINES_MODULE = YES;
				DYLIB_COMPATIBILITY_VERSION = 1;
				DYLIB_CURRENT_VERSION = 1;
				DYLIB_INSTALL_NAME_BASE = "@rpath";
				ENABLE_MODULE_VERIFIER = YES;
				GENERATE_INFOPLIST_FILE = YES;
				INFOPLIST_KEY_NSHumanReadableCopyright = "";
				INSTALL_PATH = "$(LOCAL_LIBRARY_DIR)/Frameworks";
				LD_RUNPATH_SEARCH_PATHS = (
					"$(inherited)",
					"@executable_path/Frameworks",
					"@loader_path/Frameworks",
				);
				MARKETING_VERSION = 1.0;
				MODULE_VERIFIER_SUPPORTED_LANGUAGES = "objective-c objective-c++";
				MODULE_VERIFIER_SUPPORTED_LANGUAGE_STANDARDS = "gnu11 gnu++20";
				PRODUCT_BUNDLE_IDENTIFIER = com.mukil.test.MRVPlayer;
				PRODUCT_NAME = "$(TARGET_NAME:c99extidentifier)";
				SKIP_INSTALL = YES;
				SWIFT_EMIT_LOC_STRINGS = YES;
				SWIFT_VERSION = 5.0;
				TARGETED_DEVICE_FAMILY = "1,2";
			};
			name = Debug;
		};
		ACA99A622A35D7460005C74D /* Release */ = {
			isa = XCBuildConfiguration;
			buildSettings = {
				CODE_SIGN_STYLE = Automatic;
				CURRENT_PROJECT_VERSION = 1;
				DEFINES_MODULE = YES;
				DYLIB_COMPATIBILITY_VERSION = 1;
				DYLIB_CURRENT_VERSION = 1;
				DYLIB_INSTALL_NAME_BASE = "@rpath";
				ENABLE_MODULE_VERIFIER = YES;
				GENERATE_INFOPLIST_FILE = YES;
				INFOPLIST_KEY_NSHumanReadableCopyright = "";
				INSTALL_PATH = "$(LOCAL_LIBRARY_DIR)/Frameworks";
				LD_RUNPATH_SEARCH_PATHS = (
					"$(inherited)",
					"@executable_path/Frameworks",
					"@loader_path/Frameworks",
				);
				MARKETING_VERSION = 1.0;
				MODULE_VERIFIER_SUPPORTED_LANGUAGES = "objective-c objective-c++";
				MODULE_VERIFIER_SUPPORTED_LANGUAGE_STANDARDS = "gnu11 gnu++20";
				PRODUCT_BUNDLE_IDENTIFIER = com.mukil.test.MRVPlayer;
				PRODUCT_NAME = "$(TARGET_NAME:c99extidentifier)";
				SKIP_INSTALL = YES;
				SWIFT_EMIT_LOC_STRINGS = YES;
				SWIFT_VERSION = 5.0;
				TARGETED_DEVICE_FAMILY = "1,2";
			};
			name = Release;
		};
		ACA99A642A35D7460005C74D /* Debug */ = {
			isa = XCBuildConfiguration;
			buildSettings = {
				CODE_SIGN_STYLE = Automatic;
				CURRENT_PROJECT_VERSION = 1;
				GENERATE_INFOPLIST_FILE = YES;
				MARKETING_VERSION = 1.0;
				PRODUCT_BUNDLE_IDENTIFIER = com.mukil.test.MRVPlayerTests;
				PRODUCT_NAME = "$(TARGET_NAME)";
				SWIFT_EMIT_LOC_STRINGS = NO;
				SWIFT_VERSION = 5.0;
				TARGETED_DEVICE_FAMILY = "1,2";
			};
			name = Debug;
		};
		ACA99A652A35D7460005C74D /* Release */ = {
			isa = XCBuildConfiguration;
			buildSettings = {
				CODE_SIGN_STYLE = Automatic;
				CURRENT_PROJECT_VERSION = 1;
				GENERATE_INFOPLIST_FILE = YES;
				MARKETING_VERSION = 1.0;
				PRODUCT_BUNDLE_IDENTIFIER = com.mukil.test.MRVPlayerTests;
				PRODUCT_NAME = "$(TARGET_NAME)";
				SWIFT_EMIT_LOC_STRINGS = NO;
				SWIFT_VERSION = 5.0;
				TARGETED_DEVICE_FAMILY = "1,2";
			};
			name = Release;
		};
/* End XCBuildConfiguration section */

/* Begin XCConfigurationList section */
		ACA99A462A35D7460005C74D /* Build configuration list for PBXProject "MRVPlayer" */ = {
			isa = XCConfigurationList;
			buildConfigurations = (
				ACA99A5E2A35D7460005C74D /* Debug */,
				ACA99A5F2A35D7460005C74D /* Release */,
			);
			defaultConfigurationIsVisible = 0;
			defaultConfigurationName = Release;
		};
		ACA99A602A35D7460005C74D /* Build configuration list for PBXNativeTarget "MRVPlayer" */ = {
			isa = XCConfigurationList;
			buildConfigurations = (
				ACA99A612A35D7460005C74D /* Debug */,
				ACA99A622A35D7460005C74D /* Release */,
			);
			defaultConfigurationIsVisible = 0;
			defaultConfigurationName = Release;
		};
		ACA99A632A35D7460005C74D /* Build configuration list for PBXNativeTarget "MRVPlayerTests" */ = {
			isa = XCConfigurationList;
			buildConfigurations = (
				ACA99A642A35D7460005C74D /* Debug */,
				ACA99A652A35D7460005C74D /* Release */,
			);
			defaultConfigurationIsVisible = 0;
			defaultConfigurationName = Release;
		};
/* End XCConfigurationList section */
	};
	rootObject = ACA99A432A35D7460005C74D /* Project object */;
}
